PODS:
  - Xcode9to10Preparation (0.0.21)

DEPENDENCIES:
  - Xcode9to10Preparation (from `..`)

EXTERNAL SOURCES:
  Xcode9to10Preparation:
    :path: ".."

SPEC CHECKSUMS:
  Xcode9to10Preparation: 1fd2841d07dff822e71bc7c459577ea9f9424b89

PODFILE CHECKSUM: ebd33137fe93931dad939974f6ac2ecc596e537a

COCOAPODS: 1.6.0.beta.1
