PODS:
  - Xcode9to10Preparation (0.0.4)

DEPENDENCIES:
  - Xcode9to10Preparation (from `..`)

EXTERNAL SOURCES:
  Xcode9to10Preparation:
    :path: ".."

SPEC CHECKSUMS:
  Xcode9to10Preparation: 98acb98ea8cc43ba177341f8734749fbe499a810

PODFILE CHECKSUM: a85bb9d5b9cba0dfb75f78ceee004e54fce83e43

COCOAPODS: 1.5.3
